
Microsoft Visual Studio Solution File, Format Version 12.00
# Visual Studio Version 17
VisualStudioVersion = 17.0.31903.59
MinimumVisualStudioVersion = 10.0.40219.1
Project("{2150E333-8FDC-42A3-9474-1A3956D46DE8}") = "src", "src", "{827E0CD3-B72D-47B6-A68D-7590B98EB39B}"
EndProject
Project("{FAE04EC0-301F-11D3-BF4B-00C04F79EFBC}") = "SimulateCredit.API", "src\SimulateCredit.API\SimulateCredit.API.csproj", "{E34954EA-2E9C-4BEB-A41B-76812A2F1C3C}"
EndProject
Project("{FAE04EC0-301F-11D3-BF4B-00C04F79EFBC}") = "SimulateCredit.Application", "src\SimulateCredit.Application\SimulateCredit.Application.csproj", "{C822C5E3-53BD-4DE2-B375-C3388DF22B79}"
EndProject
Project("{FAE04EC0-301F-11D3-BF4B-00C04F79EFBC}") = "SimulateCredit.Domain", "src\SimulateCredit.Domain\SimulateCredit.Domain.csproj", "{E4B087AB-66C5-4BC7-BF26-6F4AA94A5A73}"
EndProject
Project("{FAE04EC0-301F-11D3-BF4B-00C04F79EFBC}") = "SimulateCredit.Infrastructure", "src\SimulateCredit.Infrastructure\SimulateCredit.Infrastructure.csproj", "{7D17596A-48FF-4883-BB19-8572F8990733}"
EndProject
Project("{2150E333-8FDC-42A3-9474-1A3956D46DE8}") = "tests", "tests", "{0AB3BF05-4346-4AA6-1389-037BE0695223}"
EndProject
Project("{FAE04EC0-301F-11D3-BF4B-00C04F79EFBC}") = "SimulateCredit.Tests", "tests\SimulateCredit.Tests\SimulateCredit.Tests.csproj", "{C94421EF-38C5-481E-B378-9C3AEFC2AC24}"
EndProject
Global
	GlobalSection(SolutionConfigurationPlatforms) = preSolution
		Debug|Any CPU = Debug|Any CPU
		Debug|x64 = Debug|x64
		Debug|x86 = Debug|x86
		Release|Any CPU = Release|Any CPU
		Release|x64 = Release|x64
		Release|x86 = Release|x86
	EndGlobalSection
	GlobalSection(ProjectConfigurationPlatforms) = postSolution
		{E34954EA-2E9C-4BEB-A41B-76812A2F1C3C}.Debug|Any CPU.ActiveCfg = Debug|Any CPU
		{E34954EA-2E9C-4BEB-A41B-76812A2F1C3C}.Debug|Any CPU.Build.0 = Debug|Any CPU
		{E34954EA-2E9C-4BEB-A41B-76812A2F1C3C}.Debug|x64.ActiveCfg = Debug|Any CPU
		{E34954EA-2E9C-4BEB-A41B-76812A2F1C3C}.Debug|x64.Build.0 = Debug|Any CPU
		{E34954EA-2E9C-4BEB-A41B-76812A2F1C3C}.Debug|x86.ActiveCfg = Debug|Any CPU
		{E34954EA-2E9C-4BEB-A41B-76812A2F1C3C}.Debug|x86.Build.0 = Debug|Any CPU
		{E34954EA-2E9C-4BEB-A41B-76812A2F1C3C}.Release|Any CPU.ActiveCfg = Release|Any CPU
		{E34954EA-2E9C-4BEB-A41B-76812A2F1C3C}.Release|Any CPU.Build.0 = Release|Any CPU
		{E34954EA-2E9C-4BEB-A41B-76812A2F1C3C}.Release|x64.ActiveCfg = Release|Any CPU
		{E34954EA-2E9C-4BEB-A41B-76812A2F1C3C}.Release|x64.Build.0 = Release|Any CPU
		{E34954EA-2E9C-4BEB-A41B-76812A2F1C3C}.Release|x86.ActiveCfg = Release|Any CPU
		{E34954EA-2E9C-4BEB-A41B-76812A2F1C3C}.Release|x86.Build.0 = Release|Any CPU
		{C822C5E3-53BD-4DE2-B375-C3388DF22B79}.Debug|Any CPU.ActiveCfg = Debug|Any CPU
		{C822C5E3-53BD-4DE2-B375-C3388DF22B79}.Debug|Any CPU.Build.0 = Debug|Any CPU
		{C822C5E3-53BD-4DE2-B375-C3388DF22B79}.Debug|x64.ActiveCfg = Debug|Any CPU
		{C822C5E3-53BD-4DE2-B375-C3388DF22B79}.Debug|x64.Build.0 = Debug|Any CPU
		{C822C5E3-53BD-4DE2-B375-C3388DF22B79}.Debug|x86.ActiveCfg = Debug|Any CPU
		{C822C5E3-53BD-4DE2-B375-C3388DF22B79}.Debug|x86.Build.0 = Debug|Any CPU
		{C822C5E3-53BD-4DE2-B375-C3388DF22B79}.Release|Any CPU.ActiveCfg = Release|Any CPU
		{C822C5E3-53BD-4DE2-B375-C3388DF22B79}.Release|Any CPU.Build.0 = Release|Any CPU
		{C822C5E3-53BD-4DE2-B375-C3388DF22B79}.Release|x64.ActiveCfg = Release|Any CPU
		{C822C5E3-53BD-4DE2-B375-C3388DF22B79}.Release|x64.Build.0 = Release|Any CPU
		{C822C5E3-53BD-4DE2-B375-C3388DF22B79}.Release|x86.ActiveCfg = Release|Any CPU
		{C822C5E3-53BD-4DE2-B375-C3388DF22B79}.Release|x86.Build.0 = Release|Any CPU
		{E4B087AB-66C5-4BC7-BF26-6F4AA94A5A73}.Debug|Any CPU.ActiveCfg = Debug|Any CPU
		{E4B087AB-66C5-4BC7-BF26-6F4AA94A5A73}.Debug|Any CPU.Build.0 = Debug|Any CPU
		{E4B087AB-66C5-4BC7-BF26-6F4AA94A5A73}.Debug|x64.ActiveCfg = Debug|Any CPU
		{E4B087AB-66C5-4BC7-BF26-6F4AA94A5A73}.Debug|x64.Build.0 = Debug|Any CPU
		{E4B087AB-66C5-4BC7-BF26-6F4AA94A5A73}.Debug|x86.ActiveCfg = Debug|Any CPU
		{E4B087AB-66C5-4BC7-BF26-6F4AA94A5A73}.Debug|x86.Build.0 = Debug|Any CPU
		{E4B087AB-66C5-4BC7-BF26-6F4AA94A5A73}.Release|Any CPU.ActiveCfg = Release|Any CPU
		{E4B087AB-66C5-4BC7-BF26-6F4AA94A5A73}.Release|Any CPU.Build.0 = Release|Any CPU
		{E4B087AB-66C5-4BC7-BF26-6F4AA94A5A73}.Release|x64.ActiveCfg = Release|Any CPU
		{E4B087AB-66C5-4BC7-BF26-6F4AA94A5A73}.Release|x64.Build.0 = Release|Any CPU
		{E4B087AB-66C5-4BC7-BF26-6F4AA94A5A73}.Release|x86.ActiveCfg = Release|Any CPU
		{E4B087AB-66C5-4BC7-BF26-6F4AA94A5A73}.Release|x86.Build.0 = Release|Any CPU
		{7D17596A-48FF-4883-BB19-8572F8990733}.Debug|Any CPU.ActiveCfg = Debug|Any CPU
		{7D17596A-48FF-4883-BB19-8572F8990733}.Debug|Any CPU.Build.0 = Debug|Any CPU
		{7D17596A-48FF-4883-BB19-8572F8990733}.Debug|x64.ActiveCfg = Debug|Any CPU
		{7D17596A-48FF-4883-BB19-8572F8990733}.Debug|x64.Build.0 = Debug|Any CPU
		{7D17596A-48FF-4883-BB19-8572F8990733}.Debug|x86.ActiveCfg = Debug|Any CPU
		{7D17596A-48FF-4883-BB19-8572F8990733}.Debug|x86.Build.0 = Debug|Any CPU
		{7D17596A-48FF-4883-BB19-8572F8990733}.Release|Any CPU.ActiveCfg = Release|Any CPU
		{7D17596A-48FF-4883-BB19-8572F8990733}.Release|Any CPU.Build.0 = Release|Any CPU
		{7D17596A-48FF-4883-BB19-8572F8990733}.Release|x64.ActiveCfg = Release|Any CPU
		{7D17596A-48FF-4883-BB19-8572F8990733}.Release|x64.Build.0 = Release|Any CPU
		{7D17596A-48FF-4883-BB19-8572F8990733}.Release|x86.ActiveCfg = Release|Any CPU
		{7D17596A-48FF-4883-BB19-8572F8990733}.Release|x86.Build.0 = Release|Any CPU
		{C94421EF-38C5-481E-B378-9C3AEFC2AC24}.Debug|Any CPU.ActiveCfg = Debug|Any CPU
		{C94421EF-38C5-481E-B378-9C3AEFC2AC24}.Debug|Any CPU.Build.0 = Debug|Any CPU
		{C94421EF-38C5-481E-B378-9C3AEFC2AC24}.Debug|x64.ActiveCfg = Debug|Any CPU
		{C94421EF-38C5-481E-B378-9C3AEFC2AC24}.Debug|x64.Build.0 = Debug|Any CPU
		{C94421EF-38C5-481E-B378-9C3AEFC2AC24}.Debug|x86.ActiveCfg = Debug|Any CPU
		{C94421EF-38C5-481E-B378-9C3AEFC2AC24}.Debug|x86.Build.0 = Debug|Any CPU
		{C94421EF-38C5-481E-B378-9C3AEFC2AC24}.Release|Any CPU.ActiveCfg = Release|Any CPU
		{C94421EF-38C5-481E-B378-9C3AEFC2AC24}.Release|Any CPU.Build.0 = Release|Any CPU
		{C94421EF-38C5-481E-B378-9C3AEFC2AC24}.Release|x64.ActiveCfg = Release|Any CPU
		{C94421EF-38C5-481E-B378-9C3AEFC2AC24}.Release|x64.Build.0 = Release|Any CPU
		{C94421EF-38C5-481E-B378-9C3AEFC2AC24}.Release|x86.ActiveCfg = Release|Any CPU
		{C94421EF-38C5-481E-B378-9C3AEFC2AC24}.Release|x86.Build.0 = Release|Any CPU
	EndGlobalSection
	GlobalSection(SolutionProperties) = preSolution
		HideSolutionNode = FALSE
	EndGlobalSection
	GlobalSection(NestedProjects) = preSolution
		{E34954EA-2E9C-4BEB-A41B-76812A2F1C3C} = {827E0CD3-B72D-47B6-A68D-7590B98EB39B}
		{C822C5E3-53BD-4DE2-B375-C3388DF22B79} = {827E0CD3-B72D-47B6-A68D-7590B98EB39B}
		{E4B087AB-66C5-4BC7-BF26-6F4AA94A5A73} = {827E0CD3-B72D-47B6-A68D-7590B98EB39B}
		{7D17596A-48FF-4883-BB19-8572F8990733} = {827E0CD3-B72D-47B6-A68D-7590B98EB39B}
		{C94421EF-38C5-481E-B378-9C3AEFC2AC24} = {0AB3BF05-4346-4AA6-1389-037BE0695223}
	EndGlobalSection
	GlobalSection(ExtensibilityGlobals) = postSolution
		SolutionGuid = {6EDC7C8F-504D-4BDB-A007-B6291FEF0613}
	EndGlobalSection
EndGlobal
